
Microsoft Visual Studio Solution File, Format Version 12.00
# Visual Studio Version 17
VisualStudioVersion = 17.5.002.0
MinimumVisualStudioVersion = 10.0.40219.1
Project("{9A19103F-16F7-4668-BE54-9A1E7A4F7556}") = "MoshMVC", "MoshMVC.csproj", "{6ABD4875-F55F-41B6-AE46-D171CC935FB8}"
EndProject
Global
	GlobalSection(SolutionConfigurationPlatforms) = preSolution
		Debug|Any CPU = Debug|Any CPU
		Release|Any CPU = Release|Any CPU
	EndGlobalSection
	GlobalSection(ProjectConfigurationPlatforms) = postSolution
		{6ABD4875-F55F-41B6-AE46-D171CC935FB8}.Debug|Any CPU.ActiveCfg = Debug|Any CPU
		{6ABD4875-F55F-41B6-AE46-D171CC935FB8}.Debug|Any CPU.Build.0 = Debug|Any CPU
		{6ABD4875-F55F-41B6-AE46-D171CC935FB8}.Release|Any CPU.ActiveCfg = Release|Any CPU
		{6ABD4875-F55F-41B6-AE46-D171CC935FB8}.Release|Any CPU.Build.0 = Release|Any CPU
	EndGlobalSection
	GlobalSection(SolutionProperties) = preSolution
		HideSolutionNode = FALSE
	EndGlobalSection
	GlobalSection(ExtensibilityGlobals) = postSolution
		SolutionGuid = {4FD405F5-0CBC-4A9C-82DA-9D17F24677F5}
	EndGlobalSection
EndGlobal
