
Microsoft Visual Studio Solution File, Format Version 12.00
# Visual Studio Version 17
VisualStudioVersion = 17.12.35521.163 d17.12
MinimumVisualStudioVersion = 10.0.40219.1
Project("{FAE04EC0-301F-11D3-BF4B-00C04F79EFBC}") = "Vidly", "Vidly.csproj", "{6403AB42-F435-42BA-8DD6-1DF7798ABA44}"
EndProject
Global
	GlobalSection(SolutionConfigurationPlatforms) = preSolution
		Debug|Any CPU = Debug|Any CPU
		Release|Any CPU = Release|Any CPU
	EndGlobalSection
	GlobalSection(ProjectConfigurationPlatforms) = postSolution
		{6403AB42-F435-42BA-8DD6-1DF7798ABA44}.Debug|Any CPU.ActiveCfg = Debug|Any CPU
		{6403AB42-F435-42BA-8DD6-1DF7798ABA44}.Debug|Any CPU.Build.0 = Debug|Any CPU
		{6403AB42-F435-42BA-8DD6-1DF7798ABA44}.Release|Any CPU.ActiveCfg = Release|Any CPU
		{6403AB42-F435-42BA-8DD6-1DF7798ABA44}.Release|Any CPU.Build.0 = Release|Any CPU
	EndGlobalSection
	GlobalSection(SolutionProperties) = preSolution
		HideSolutionNode = FALSE
	EndGlobalSection
EndGlobal
